
Microsoft Visual Studio Solution File, Format Version 12.00
# Visual Studio Version 17
VisualStudioVersion = 17.12.35707.178 d17.12
MinimumVisualStudioVersion = 10.0.40219.1
Project("{FAE04EC0-301F-11D3-BF4B-00C04F79EFBC}") = "Projeto_Agenda_2025_1Sem", "Projeto_Agenda_2025_1Sem\Projeto_Agenda_2025_1Sem.csproj", "{E09D5140-9C71-4CC5-9066-7D1C8E319609}"
EndProject
Global
	GlobalSection(SolutionConfigurationPlatforms) = preSolution
		Debug|Any CPU = Debug|Any CPU
		Release|Any CPU = Release|Any CPU
	EndGlobalSection
	GlobalSection(ProjectConfigurationPlatforms) = postSolution
		{E09D5140-9C71-4CC5-9066-7D1C8E319609}.Debug|Any CPU.ActiveCfg = Debug|Any CPU
		{E09D5140-9C71-4CC5-9066-7D1C8E319609}.Debug|Any CPU.Build.0 = Debug|Any CPU
		{E09D5140-9C71-4CC5-9066-7D1C8E319609}.Release|Any CPU.ActiveCfg = Release|Any CPU
		{E09D5140-9C71-4CC5-9066-7D1C8E319609}.Release|Any CPU.Build.0 = Release|Any CPU
	EndGlobalSection
	GlobalSection(SolutionProperties) = preSolution
		HideSolutionNode = FALSE
	EndGlobalSection
EndGlobal
